
Microsoft Visual Studio Solution File, Format Version 12.00
# Visual Studio 15
VisualStudioVersion = 15.0.28307.168
MinimumVisualStudioVersion = 10.0.40219.1
Project("{8BC9CEB8-8B4A-11D0-8D11-00A0C91BC942}") = "DFA_Project", "DFA_Project.vcxproj", "{ABBE51C1-E6A3-42BC-8A79-304D8180D3A2}"
EndProject
Global
	GlobalSection(SolutionConfigurationPlatforms) = preSolution
		Debug|x64 = Debug|x64
		Debug|x86 = Debug|x86
		Release|x64 = Release|x64
		Release|x86 = Release|x86
	EndGlobalSection
	GlobalSection(ProjectConfigurationPlatforms) = postSolution
		{ABBE51C1-E6A3-42BC-8A79-304D8180D3A2}.Debug|x64.ActiveCfg = Debug|x64
		{ABBE51C1-E6A3-42BC-8A79-304D8180D3A2}.Debug|x64.Build.0 = Debug|x64
		{ABBE51C1-E6A3-42BC-8A79-304D8180D3A2}.Debug|x86.ActiveCfg = Debug|Win32
		{ABBE51C1-E6A3-42BC-8A79-304D8180D3A2}.Debug|x86.Build.0 = Debug|Win32
		{ABBE51C1-E6A3-42BC-8A79-304D8180D3A2}.Release|x64.ActiveCfg = Release|x64
		{ABBE51C1-E6A3-42BC-8A79-304D8180D3A2}.Release|x64.Build.0 = Release|x64
		{ABBE51C1-E6A3-42BC-8A79-304D8180D3A2}.Release|x86.ActiveCfg = Release|Win32
		{ABBE51C1-E6A3-42BC-8A79-304D8180D3A2}.Release|x86.Build.0 = Release|Win32
	EndGlobalSection
	GlobalSection(SolutionProperties) = preSolution
		HideSolutionNode = FALSE
	EndGlobalSection
	GlobalSection(ExtensibilityGlobals) = postSolution
		SolutionGuid = {6225390C-4934-467D-8427-0DB99B0B6A1E}
	EndGlobalSection
EndGlobal
