<?xml version="1.0" encoding="utf-8"?>
<Project ToolsVersion="4.0" xmlns="http://schemas.microsoft.com/developer/msbuild/2003">
  <ItemGroup>
    <ClCompile Include="BezierCurve.cpp">
      <Filter>Source</Filter>
    </ClCompile>
    <ClCompile Include="Bitmap.cpp">
      <Filter>Source</Filter>
    </ClCompile>
    <ClCompile Include="BMPFont.cpp">
      <Filter>Source</Filter>
    </ClCompile>
    <ClCompile Include="Box.cpp">
      <Filter>Source</Filter>
    </ClCompile>
    <ClCompile Include="MathExt.cpp">
      <Filter>Source</Filter>
    </ClCompile>
    <ClCompile Include="quickDir.cpp">
      <Filter>Source</Filter>
    </ClCompile>
    <ClCompile Include="quickIO.cpp">
      <Filter>Source</Filter>
    </ClCompile>
    <ClCompile Include="Renderer.cpp">
      <Filter>Source</Filter>
    </ClCompile>
    <ClCompile Include="Source.cpp">
      <Filter>Source</Filter>
    </ClCompile>
    <ClCompile Include="State.cpp">
      <Filter>Source</Filter>
    </ClCompile>
    <ClCompile Include="stringTools.cpp">
      <Filter>Source</Filter>
    </ClCompile>
    <ClCompile Include="System.cpp">
      <Filter>Source</Filter>
    </ClCompile>
    <ClCompile Include="WndWindow.cpp">
      <Filter>Source</Filter>
    </ClCompile>
  </ItemGroup>
  <ItemGroup>
    <ClInclude Include="BezierCurve.h">
      <Filter>Header</Filter>
    </ClInclude>
    <ClInclude Include="System.h">
      <Filter>Header</Filter>
    </ClInclude>
    <ClInclude Include="stringTools.h">
      <Filter>Header</Filter>
    </ClInclude>
    <ClInclude Include="State.h">
      <Filter>Header</Filter>
    </ClInclude>
    <ClInclude Include="Renderer.h">
      <Filter>Header</Filter>
    </ClInclude>
    <ClInclude Include="quickIO.h">
      <Filter>Header</Filter>
    </ClInclude>
    <ClInclude Include="quickDir.h">
      <Filter>Header</Filter>
    </ClInclude>
    <ClInclude Include="MathExt.h">
      <Filter>Header</Filter>
    </ClInclude>
    <ClInclude Include="Box.h">
      <Filter>Header</Filter>
    </ClInclude>
    <ClInclude Include="BMPFont.h">
      <Filter>Header</Filter>
    </ClInclude>
    <ClInclude Include="Bitmap.h">
      <Filter>Header</Filter>
    </ClInclude>
    <ClInclude Include="Vec2f.h">
      <Filter>Header</Filter>
    </ClInclude>
    <ClInclude Include="WndWindow.h">
      <Filter>Header</Filter>
    </ClInclude>
  </ItemGroup>
  <ItemGroup>
    <Filter Include="Source">
      <UniqueIdentifier>{884c68e9-04a4-425a-af40-14be67b8a33a}</UniqueIdentifier>
    </Filter>
    <Filter Include="Header">
      <UniqueIdentifier>{b8e1e996-0878-4206-beca-ddfc78cd74c9}</UniqueIdentifier>
    </Filter>
    <Filter Include="Resources">
      <UniqueIdentifier>{627ce8be-61eb-4b28-84b6-61b73aa41bd9}</UniqueIdentifier>
    </Filter>
  </ItemGroup>
  <ItemGroup>
    <Text Include="Text.txt">
      <Filter>Resources</Filter>
    </Text>
  </ItemGroup>
  <ItemGroup>
    <None Include="test1.ft">
      <Filter>Resources</Filter>
    </None>
  </ItemGroup>
  <ItemGroup>
    <Image Include="test1.bmp">
      <Filter>Resources</Filter>
    </Image>
  </ItemGroup>
</Project>